
Microsoft Visual Studio Solution File, Format Version 12.00
# Visual Studio Version 16
VisualStudioVersion = 16.0.30114.105
MinimumVisualStudioVersion = 10.0.40219.1
Project("{FAE04EC0-301F-11D3-BF4B-00C04F79EFBC}") = "API", "API\API.csproj", "{47C4F914-800E-4082-8DC3-604D9D3D86C5}"
EndProject
Project("{FAE04EC0-301F-11D3-BF4B-00C04F79EFBC}") = "Application", "Application\Application.csproj", "{D34BE5D3-C4F1-47FA-A8D9-A6C037D63B85}"
EndProject
Project("{FAE04EC0-301F-11D3-BF4B-00C04F79EFBC}") = "Domain", "Domain\Domain.csproj", "{7B1C0E84-1A38-4C86-9398-2C696F9CDC3B}"
EndProject
Project("{FAE04EC0-301F-11D3-BF4B-00C04F79EFBC}") = "Persistence", "Persistence\Persistence.csproj", "{69BFBCF7-793D-4E30-9D63-25738DF22D91}"
EndProject
Global
	GlobalSection(SolutionConfigurationPlatforms) = preSolution
		Debug|Any CPU = Debug|Any CPU
		Debug|x64 = Debug|x64
		Debug|x86 = Debug|x86
		Release|Any CPU = Release|Any CPU
		Release|x64 = Release|x64
		Release|x86 = Release|x86
	EndGlobalSection
	GlobalSection(SolutionProperties) = preSolution
		HideSolutionNode = FALSE
	EndGlobalSection
	GlobalSection(ProjectConfigurationPlatforms) = postSolution
		{47C4F914-800E-4082-8DC3-604D9D3D86C5}.Debug|Any CPU.ActiveCfg = Debug|Any CPU
		{47C4F914-800E-4082-8DC3-604D9D3D86C5}.Debug|Any CPU.Build.0 = Debug|Any CPU
		{47C4F914-800E-4082-8DC3-604D9D3D86C5}.Debug|x64.ActiveCfg = Debug|Any CPU
		{47C4F914-800E-4082-8DC3-604D9D3D86C5}.Debug|x64.Build.0 = Debug|Any CPU
		{47C4F914-800E-4082-8DC3-604D9D3D86C5}.Debug|x86.ActiveCfg = Debug|Any CPU
		{47C4F914-800E-4082-8DC3-604D9D3D86C5}.Debug|x86.Build.0 = Debug|Any CPU
		{47C4F914-800E-4082-8DC3-604D9D3D86C5}.Release|Any CPU.ActiveCfg = Release|Any CPU
		{47C4F914-800E-4082-8DC3-604D9D3D86C5}.Release|Any CPU.Build.0 = Release|Any CPU
		{47C4F914-800E-4082-8DC3-604D9D3D86C5}.Release|x64.ActiveCfg = Release|Any CPU
		{47C4F914-800E-4082-8DC3-604D9D3D86C5}.Release|x64.Build.0 = Release|Any CPU
		{47C4F914-800E-4082-8DC3-604D9D3D86C5}.Release|x86.ActiveCfg = Release|Any CPU
		{47C4F914-800E-4082-8DC3-604D9D3D86C5}.Release|x86.Build.0 = Release|Any CPU
		{D34BE5D3-C4F1-47FA-A8D9-A6C037D63B85}.Debug|Any CPU.ActiveCfg = Debug|Any CPU
		{D34BE5D3-C4F1-47FA-A8D9-A6C037D63B85}.Debug|Any CPU.Build.0 = Debug|Any CPU
		{D34BE5D3-C4F1-47FA-A8D9-A6C037D63B85}.Debug|x64.ActiveCfg = Debug|Any CPU
		{D34BE5D3-C4F1-47FA-A8D9-A6C037D63B85}.Debug|x64.Build.0 = Debug|Any CPU
		{D34BE5D3-C4F1-47FA-A8D9-A6C037D63B85}.Debug|x86.ActiveCfg = Debug|Any CPU
		{D34BE5D3-C4F1-47FA-A8D9-A6C037D63B85}.Debug|x86.Build.0 = Debug|Any CPU
		{D34BE5D3-C4F1-47FA-A8D9-A6C037D63B85}.Release|Any CPU.ActiveCfg = Release|Any CPU
		{D34BE5D3-C4F1-47FA-A8D9-A6C037D63B85}.Release|Any CPU.Build.0 = Release|Any CPU
		{D34BE5D3-C4F1-47FA-A8D9-A6C037D63B85}.Release|x64.ActiveCfg = Release|Any CPU
		{D34BE5D3-C4F1-47FA-A8D9-A6C037D63B85}.Release|x64.Build.0 = Release|Any CPU
		{D34BE5D3-C4F1-47FA-A8D9-A6C037D63B85}.Release|x86.ActiveCfg = Release|Any CPU
		{D34BE5D3-C4F1-47FA-A8D9-A6C037D63B85}.Release|x86.Build.0 = Release|Any CPU
		{7B1C0E84-1A38-4C86-9398-2C696F9CDC3B}.Debug|Any CPU.ActiveCfg = Debug|Any CPU
		{7B1C0E84-1A38-4C86-9398-2C696F9CDC3B}.Debug|Any CPU.Build.0 = Debug|Any CPU
		{7B1C0E84-1A38-4C86-9398-2C696F9CDC3B}.Debug|x64.ActiveCfg = Debug|Any CPU
		{7B1C0E84-1A38-4C86-9398-2C696F9CDC3B}.Debug|x64.Build.0 = Debug|Any CPU
		{7B1C0E84-1A38-4C86-9398-2C696F9CDC3B}.Debug|x86.ActiveCfg = Debug|Any CPU
		{7B1C0E84-1A38-4C86-9398-2C696F9CDC3B}.Debug|x86.Build.0 = Debug|Any CPU
		{7B1C0E84-1A38-4C86-9398-2C696F9CDC3B}.Release|Any CPU.ActiveCfg = Release|Any CPU
		{7B1C0E84-1A38-4C86-9398-2C696F9CDC3B}.Release|Any CPU.Build.0 = Release|Any CPU
		{7B1C0E84-1A38-4C86-9398-2C696F9CDC3B}.Release|x64.ActiveCfg = Release|Any CPU
		{7B1C0E84-1A38-4C86-9398-2C696F9CDC3B}.Release|x64.Build.0 = Release|Any CPU
		{7B1C0E84-1A38-4C86-9398-2C696F9CDC3B}.Release|x86.ActiveCfg = Release|Any CPU
		{7B1C0E84-1A38-4C86-9398-2C696F9CDC3B}.Release|x86.Build.0 = Release|Any CPU
		{69BFBCF7-793D-4E30-9D63-25738DF22D91}.Debug|Any CPU.ActiveCfg = Debug|Any CPU
		{69BFBCF7-793D-4E30-9D63-25738DF22D91}.Debug|Any CPU.Build.0 = Debug|Any CPU
		{69BFBCF7-793D-4E30-9D63-25738DF22D91}.Debug|x64.ActiveCfg = Debug|Any CPU
		{69BFBCF7-793D-4E30-9D63-25738DF22D91}.Debug|x64.Build.0 = Debug|Any CPU
		{69BFBCF7-793D-4E30-9D63-25738DF22D91}.Debug|x86.ActiveCfg = Debug|Any CPU
		{69BFBCF7-793D-4E30-9D63-25738DF22D91}.Debug|x86.Build.0 = Debug|Any CPU
		{69BFBCF7-793D-4E30-9D63-25738DF22D91}.Release|Any CPU.ActiveCfg = Release|Any CPU
		{69BFBCF7-793D-4E30-9D63-25738DF22D91}.Release|Any CPU.Build.0 = Release|Any CPU
		{69BFBCF7-793D-4E30-9D63-25738DF22D91}.Release|x64.ActiveCfg = Release|Any CPU
		{69BFBCF7-793D-4E30-9D63-25738DF22D91}.Release|x64.Build.0 = Release|Any CPU
		{69BFBCF7-793D-4E30-9D63-25738DF22D91}.Release|x86.ActiveCfg = Release|Any CPU
		{69BFBCF7-793D-4E30-9D63-25738DF22D91}.Release|x86.Build.0 = Release|Any CPU
	EndGlobalSection
EndGlobal
